
Microsoft Visual Studio Solution File, Format Version 12.00
# Visual Studio Version 18
VisualStudioVersion = 18.7.11911.148 stable
MinimumVisualStudioVersion = 10.0.40219.1
Project("{FAE04EC0-301F-11D3-BF4B-00C04F79EFBC}") = "Demo_web_MVC", "Demo_web_MVC\Demo_web_MVC.csproj", "{A8686D24-5F75-415E-A7C9-14B041972A84}"
EndProject
Global
	GlobalSection(SolutionConfigurationPlatforms) = preSolution
		Debug|Any CPU = Debug|Any CPU
		Release|Any CPU = Release|Any CPU
	EndGlobalSection
	GlobalSection(ProjectConfigurationPlatforms) = postSolution
		{A8686D24-5F75-415E-A7C9-14B041972A84}.Debug|Any CPU.ActiveCfg = Debug|Any CPU
		{A8686D24-5F75-415E-A7C9-14B041972A84}.Debug|Any CPU.Build.0 = Debug|Any CPU
		{A8686D24-5F75-415E-A7C9-14B041972A84}.Release|Any CPU.ActiveCfg = Release|Any CPU
		{A8686D24-5F75-415E-A7C9-14B041972A84}.Release|Any CPU.Build.0 = Release|Any CPU
	EndGlobalSection
	GlobalSection(SolutionProperties) = preSolution
		HideSolutionNode = FALSE
	EndGlobalSection
	GlobalSection(ExtensibilityGlobals) = postSolution
		SolutionGuid = {EC455155-A968-442D-90AC-08BA7FB84A6B}
	EndGlobalSection
EndGlobal
